{
  "name": "omron-iot-sensor-speech-agent",
  "version": "1.0.0",
  "lockfileVersion": 1,
  "requires": true,
  "dependencies": {
    "openjtalk": {
      "version": "0.1.6",
      "resolved": "https://registry.npmjs.org/openjtalk/-/openjtalk-0.1.6.tgz",
      "integrity": "sha1-9smVU1S7Trq/6HqCzcQYKsvdiQA=",
      "requires": {
        "uuid-v4": "*"
      }
    },
    "uuid-v4": {
      "version": "0.1.0",
      "resolved": "https://registry.npmjs.org/uuid-v4/-/uuid-v4-0.1.0.tgz",
      "integrity": "sha1-YtezEEBvbOz+oVKMafHo4LzsWjo="
    }
  }
}
